
Microsoft Visual Studio Solution File, Format Version 12.00
# Visual Studio 15
Project("{FAE04EC0-301F-11D3-BF4B-00C04F79EFBC}") = "Lab4Vitali", "Lab4Vitali\Lab4Vitali.csproj", "{FFF58405-C63D-4E7C-84B5-C4FD4F8110CA}"
EndProject
Global
	GlobalSection(SolutionConfigurationPlatforms) = preSolution
		Debug|anycpu = Debug|anycpu
		Release|anycpu = Release|anycpu
	EndGlobalSection
	GlobalSection(ProjectConfigurationPlatforms) = postSolution
		{FFF58405-C63D-4E7C-84B5-C4FD4F8110CA}.Debug|anycpu.ActiveCfg = Debug|anycpu
		{FFF58405-C63D-4E7C-84B5-C4FD4F8110CA}.Debug|anycpu.Build.0 = Debug|anycpu
		{FFF58405-C63D-4E7C-84B5-C4FD4F8110CA}.Release|anycpu.ActiveCfg = Release|anycpu
		{FFF58405-C63D-4E7C-84B5-C4FD4F8110CA}.Release|anycpu.Build.0 = Release|anycpu
	EndGlobalSection
EndGlobal
